
Microsoft Visual Studio Solution File, Format Version 12.00
# Visual Studio Version 17
VisualStudioVersion = 17.8.34408.163
MinimumVisualStudioVersion = 10.0.40219.1
Project("{9A19103F-16F7-4668-BE54-9A1E7A4F7556}") = "monogame_schmup", "monogame_schmup.csproj", "{91DFDACB-EC02-4A09-9866-F5228874FCF4}"
EndProject
Global
	GlobalSection(SolutionConfigurationPlatforms) = preSolution
		Debug|Any CPU = Debug|Any CPU
		Release|Any CPU = Release|Any CPU
	EndGlobalSection
	GlobalSection(ProjectConfigurationPlatforms) = postSolution
		{91DFDACB-EC02-4A09-9866-F5228874FCF4}.Debug|Any CPU.ActiveCfg = Debug|Any CPU
		{91DFDACB-EC02-4A09-9866-F5228874FCF4}.Debug|Any CPU.Build.0 = Debug|Any CPU
		{91DFDACB-EC02-4A09-9866-F5228874FCF4}.Release|Any CPU.ActiveCfg = Release|Any CPU
		{91DFDACB-EC02-4A09-9866-F5228874FCF4}.Release|Any CPU.Build.0 = Release|Any CPU
	EndGlobalSection
	GlobalSection(SolutionProperties) = preSolution
		HideSolutionNode = FALSE
	EndGlobalSection
	GlobalSection(ExtensibilityGlobals) = postSolution
		SolutionGuid = {861317AE-D0E4-43F8-BB23-A7EBD2EB4FF7}
	EndGlobalSection
EndGlobal
